
Microsoft Visual Studio Solution File, Format Version 12.00
# Visual Studio Version 17
VisualStudioVersion = 17.0.31903.59
MinimumVisualStudioVersion = 10.0.40219.1
Project("{FAE04EC0-301F-11D3-BF4B-00C04F79EFBC}") = "EmailSenderLibrary", "EmailSenderLibrary\EmailSenderLibrary.csproj", "{9AD713DE-3E4C-480F-97E1-E656E23B16EB}"
EndProject
Project("{FAE04EC0-301F-11D3-BF4B-00C04F79EFBC}") = "EmailSenderConsole", "EmailSenderConsole\EmailSenderConsole.csproj", "{7401DB73-5A7C-4B80-8E7F-5A375551A4B4}"
EndProject
Global
	GlobalSection(SolutionConfigurationPlatforms) = preSolution
		Debug|Any CPU = Debug|Any CPU
		Release|Any CPU = Release|Any CPU
	EndGlobalSection
	GlobalSection(SolutionProperties) = preSolution
		HideSolutionNode = FALSE
	EndGlobalSection
	GlobalSection(ProjectConfigurationPlatforms) = postSolution
		{9AD713DE-3E4C-480F-97E1-E656E23B16EB}.Debug|Any CPU.ActiveCfg = Debug|Any CPU
		{9AD713DE-3E4C-480F-97E1-E656E23B16EB}.Debug|Any CPU.Build.0 = Debug|Any CPU
		{9AD713DE-3E4C-480F-97E1-E656E23B16EB}.Release|Any CPU.ActiveCfg = Release|Any CPU
		{9AD713DE-3E4C-480F-97E1-E656E23B16EB}.Release|Any CPU.Build.0 = Release|Any CPU
		{7401DB73-5A7C-4B80-8E7F-5A375551A4B4}.Debug|Any CPU.ActiveCfg = Debug|Any CPU
		{7401DB73-5A7C-4B80-8E7F-5A375551A4B4}.Debug|Any CPU.Build.0 = Debug|Any CPU
		{7401DB73-5A7C-4B80-8E7F-5A375551A4B4}.Release|Any CPU.ActiveCfg = Release|Any CPU
		{7401DB73-5A7C-4B80-8E7F-5A375551A4B4}.Release|Any CPU.Build.0 = Release|Any CPU
	EndGlobalSection
EndGlobal
